// !$*UTF8*$!
{
	archiveVersion = 1;
	classes = {
	};
	objectVersion = 46;
	objects = {

/* Begin PBXBuildFile section */
		C93DA3B81B77E4220037DFA2 /* main.m in Sources */ = {isa = PBXBuildFile; fileRef = C93DA3B71B77E4220037DFA2 /* main.m */; };
		C93DA3C01B77E62F0037DFA2 /* Car.m in Sources */ = {isa = PBXBuildFile; fileRef = C93DA3BF1B77E62F0037DFA2 /* Car.m */; };
		C9F571391B8279A800BCAB11 /* Toyota.m in Sources */ = {isa = PBXBuildFile; fileRef = C9F571381B8279A800BCAB11 /* Toyota.m */; };
/* End PBXBuildFile section */

/* Begin PBXCopyFilesBuildPhase section */
		C93DA3B21B77E4220037DFA2 /* CopyFiles */ = {
			isa = PBXCopyFilesBuildPhase;
			buildActionMask = 2147483647;
			dstPath = /usr/share/man/man1/;
			dstSubfolderSpec = 0;
			files = (
			);
			runOnlyForDeploymentPostprocessing = 1;
		};
/* End PBXCopyFilesBuildPhase section */

/* Begin PBXFileReference section */
		C93DA3B41B77E4220037DFA2 /* Toyota */ = {isa = PBXFileReference; explicitFileType = "compiled.mach-o.executable"; includeInIndex = 0; path = Toyota; sourceTree = BUILT_PRODUCTS_DIR; };
		C93DA3B71B77E4220037DFA2 /* main.m */ = {isa = PBXFileReference; lastKnownFileType = sourcecode.c.objc; path = main.m; sourceTree = "<group>"; };
		C93DA3BE1B77E62F0037DFA2 /* Car.h */ = {isa = PBXFileReference; fileEncoding = 4; lastKnownFileType = sourcecode.c.h; path = Car.h; sourceTree = "<group>"; };
		C93DA3BF1B77E62F0037DFA2 /* Car.m */ = {isa = PBXFileReference; fileEncoding = 4; lastKnownFileType = sourcecode.c.objc; path = Car.m; sourceTree = "<group>"; };
		C9F571371B8279A800BCAB11 /* Toyota.h */ = {isa = PBXFileReference; fileEncoding = 4; lastKnownFileType = sourcecode.c.h; path = Toyota.h; sourceTree = "<group>"; };
		C9F571381B8279A800BCAB11 /* Toyota.m */ = {isa = PBXFileReference; fileEncoding = 4; lastKnownFileType = sourcecode.c.objc; path = Toyota.m; sourceTree = "<group>"; };
/* End PBXFileReference section */

/* Begin PBXFrameworksBuildPhase section */
		C93DA3B11B77E4220037DFA2 /* Frameworks */ = {
			isa = PBXFrameworksBuildPhase;
			buildActionMask = 2147483647;
			files = (
			);
			runOnlyForDeploymentPostprocessing = 0;
		};
/* End PBXFrameworksBuildPhase section */

/* Begin PBXGroup section */
		C93DA3AB1B77E4220037DFA2 = {
			isa = PBXGroup;
			children = (
				C93DA3B61B77E4220037DFA2 /* Toyota */,
				C93DA3B51B77E4220037DFA2 /* Products */,
			);
			sourceTree = "<group>";
		};
		C93DA3B51B77E4220037DFA2 /* Products */ = {
			isa = PBXGroup;
			children = (
				C93DA3B41B77E4220037DFA2 /* Toyota */,
			);
			name = Products;
			sourceTree = "<group>";
		};
		C93DA3B61B77E4220037DFA2 /* Toyota */ = {
			isa = PBXGroup;
			children = (
				C93DA3B71B77E4220037DFA2 /* main.m */,
				C9F571371B8279A800BCAB11 /* Toyota.h */,
				C9F571381B8279A800BCAB11 /* Toyota.m */,
				C93DA3BE1B77E62F0037DFA2 /* Car.h */,
				C93DA3BF1B77E62F0037DFA2 /* Car.m */,
			);
			path = Toyota;
			sourceTree = "<group>";
		};
/* End PBXGroup section */

/* Begin PBXNativeTarget section */
		C93DA3B31B77E4220037DFA2 /* Toyota */ = {
			isa = PBXNativeTarget;
			buildConfigurationList = C93DA3BB1B77E4220037DFA2 /* Build configuration list for PBXNativeTarget "Toyota" */;
			buildPhases = (
				C93DA3B01B77E4220037DFA2 /* Sources */,
				C93DA3B11B77E4220037DFA2 /* Frameworks */,
				C93DA3B21B77E4220037DFA2 /* CopyFiles */,
			);
			buildRules = (
			);
			dependencies = (
			);
			name = Toyota;
			productName = Toyota;
			productReference = C93DA3B41B77E4220037DFA2 /* Toyota */;
			productType = "com.apple.product-type.tool";
		};
/* End PBXNativeTarget section */

/* Begin PBXProject section */
		C93DA3AC1B77E4220037DFA2 /* Project object */ = {
			isa = PBXProject;
			attributes = {
				LastUpgradeCheck = 0640;
				ORGANIZATIONNAME = "sahra amini";
				TargetAttributes = {
					C93DA3B31B77E4220037DFA2 = {
						CreatedOnToolsVersion = 6.4;
					};
				};
			};
			buildConfigurationList = C93DA3AF1B77E4220037DFA2 /* Build configuration list for PBXProject "Toyota" */;
			compatibilityVersion = "Xcode 3.2";
			developmentRegion = English;
			hasScannedForEncodings = 0;
			knownRegions = (
				en,
			);
			mainGroup = C93DA3AB1B77E4220037DFA2;
			productRefGroup = C93DA3B51B77E4220037DFA2 /* Products */;
			projectDirPath = "";
			projectRoot = "";
			targets = (
				C93DA3B31B77E4220037DFA2 /* Toyota */,
			);
		};
/* End PBXProject section */

/* Begin PBXSourcesBuildPhase section */
		C93DA3B01B77E4220037DFA2 /* Sources */ = {
			isa = PBXSourcesBuildPhase;
			buildActionMask = 2147483647;
			files = (
				C9F571391B8279A800BCAB11 /* Toyota.m in Sources */,
				C93DA3C01B77E62F0037DFA2 /* Car.m in Sources */,
				C93DA3B81B77E4220037DFA2 /* main.m in Sources */,
			);
			runOnlyForDeploymentPostprocessing = 0;
		};
/* End PBXSourcesBuildPhase section */

/* Begin XCBuildConfiguration section */
		C93DA3B91B77E4220037DFA2 /* Debug */ = {
			isa = XCBuildConfiguration;
			buildSettings = {
				ALWAYS_SEARCH_USER_PATHS = NO;
				CLANG_CXX_LANGUAGE_STANDARD = "gnu++0x";
				CLANG_CXX_LIBRARY = "libc++";
				CLANG_ENABLE_MODULES = YES;
				CLANG_ENABLE_OBJC_ARC = YES;
				CLANG_WARN_BOOL_CONVERSION = YES;
				CLANG_WARN_CONSTANT_CONVERSION = YES;
				CLANG_WARN_DIRECT_OBJC_ISA_USAGE = YES_ERROR;
				CLANG_WARN_EMPTY_BODY = YES;
				CLANG_WARN_ENUM_CONVERSION = YES;
				CLANG_WARN_INT_CONVERSION = YES;
				CLANG_WARN_OBJC_ROOT_CLASS = YES_ERROR;
				CLANG_WARN_UNREACHABLE_CODE = YES;
				CLANG_WARN__DUPLICATE_METHOD_MATCH = YES;
				COPY_PHASE_STRIP = NO;
				DEBUG_INFORMATION_FORMAT = dwarf;
				ENABLE_STRICT_OBJC_MSGSEND = YES;
				GCC_C_LANGUAGE_STANDARD = gnu99;
				GCC_DYNAMIC_NO_PIC = NO;
				GCC_NO_COMMON_BLOCKS = YES;
				GCC_OPTIMIZATION_LEVEL = 0;
				GCC_PREPROCESSOR_DEFINITIONS = (
					"DEBUG=1",
					"$(inherited)",
				);
				GCC_SYMBOLS_PRIVATE_EXTERN = NO;
				GCC_WARN_64_TO_32_BIT_CONVERSION = YES;
				GCC_WARN_ABOUT_RETURN_TYPE = YES_ERROR;
				GCC_WARN_UNDECLARED_SELECTOR = YES;
				GCC_WARN_UNINITIALIZED_AUTOS = YES_AGGRESSIVE;
				GCC_WARN_UNUSED_FUNCTION = YES;
				GCC_WARN_UNUSED_VARIABLE = YES;
				MACOSX_DEPLOYMENT_TARGET = 10.10;
				MTL_ENABLE_DEBUG_INFO = YES;
				ONLY_ACTIVE_ARCH = YES;
				SDKROOT = macosx;
			};
			name = Debug;
		};
		C93DA3BA1B77E4220037DFA2 /* Release */ = {
			isa = XCBuildConfiguration;
			buildSettings = {
				ALWAYS_SEARCH_USER_PATHS = NO;
				CLANG_CXX_LANGUAGE_STANDARD = "gnu++0x";
				CLANG_CXX_LIBRARY = "libc++";
				CLANG_ENABLE_MODULES = YES;
				CLANG_ENABLE_OBJC_ARC = YES;
				CLANG_WARN_BOOL_CONVERSION = YES;
				CLANG_WARN_CONSTANT_CONVERSION = YES;
				CLANG_WARN_DIRECT_OBJC_ISA_USAGE = YES_ERROR;
				CLANG_WARN_EMPTY_BODY = YES;
				CLANG_WARN_ENUM_CONVERSION = YES;
				CLANG_WARN_INT_CONVERSION = YES;
				CLANG_WARN_OBJC_ROOT_CLASS = YES_ERROR;
				CLANG_WARN_UNREACHABLE_CODE = YES;
				CLANG_WARN__DUPLICATE_METHOD_MATCH = YES;
				COPY_PHASE_STRIP = NO;
				DEBUG_INFORMATION_FORMAT = "dwarf-with-dsym";
				ENABLE_NS_ASSERTIONS = NO;
				ENABLE_STRICT_OBJC_MSGSEND = YES;
				GCC_C_LANGUAGE_STANDARD = gnu99;
				GCC_NO_COMMON_BLOCKS = YES;
				GCC_WARN_64_TO_32_BIT_CONVERSION = YES;
				GCC_WARN_ABOUT_RETURN_TYPE = YES_ERROR;
				GCC_WARN_UNDECLARED_SELECTOR = YES;
				GCC_WARN_UNINITIALIZED_AUTOS = YES_AGGRESSIVE;
				GCC_WARN_UNUSED_FUNCTION = YES;
				GCC_WARN_UNUSED_VARIABLE = YES;
				MACOSX_DEPLOYMENT_TARGET = 10.10;
				MTL_ENABLE_DEBUG_INFO = NO;
				SDKROOT = macosx;
			};
			name = Release;
		};
		C93DA3BC1B77E4220037DFA2 /* Debug */ = {
			isa = XCBuildConfiguration;
			buildSettings = {
				CLANG_ENABLE_MODULES = NO;
				PRODUCT_NAME = "$(TARGET_NAME)";
			};
			name = Debug;
		};
		C93DA3BD1B77E4220037DFA2 /* Release */ = {
			isa = XCBuildConfiguration;
			buildSettings = {
				CLANG_ENABLE_MODULES = NO;
				PRODUCT_NAME = "$(TARGET_NAME)";
			};
			name = Release;
		};
/* End XCBuildConfiguration section */

/* Begin XCConfigurationList section */
		C93DA3AF1B77E4220037DFA2 /* Build configuration list for PBXProject "Toyota" */ = {
			isa = XCConfigurationList;
			buildConfigurations = (
				C93DA3B91B77E4220037DFA2 /* Debug */,
				C93DA3BA1B77E4220037DFA2 /* Release */,
			);
			defaultConfigurationIsVisible = 0;
			defaultConfigurationName = Release;
		};
		C93DA3BB1B77E4220037DFA2 /* Build configuration list for PBXNativeTarget "Toyota" */ = {
			isa = XCConfigurationList;
			buildConfigurations = (
				C93DA3BC1B77E4220037DFA2 /* Debug */,
				C93DA3BD1B77E4220037DFA2 /* Release */,
			);
			defaultConfigurationIsVisible = 0;
			defaultConfigurationName = Release;
		};
/* End XCConfigurationList section */
	};
	rootObject = C93DA3AC1B77E4220037DFA2 /* Project object */;
}
